
Microsoft Visual Studio Solution File, Format Version 12.00
# Visual Studio Version 17
VisualStudioVersion = 17.12.35527.113 d17.12
MinimumVisualStudioVersion = 10.0.40219.1
Project("{00D1A9C2-B5F0-4AF3-8072-F6C62B433612}") = "ABZVehicleDBProject", "ABZVehicleDBProject\ABZVehicleDBProject.sqlproj", "{AE478190-B09D-408E-94C5-E55DC02ADAE0}"
EndProject
Global
	GlobalSection(SolutionConfigurationPlatforms) = preSolution
		Debug|Any CPU = Debug|Any CPU
		Release|Any CPU = Release|Any CPU
	EndGlobalSection
	GlobalSection(ProjectConfigurationPlatforms) = postSolution
		{AE478190-B09D-408E-94C5-E55DC02ADAE0}.Debug|Any CPU.ActiveCfg = Debug|Any CPU
		{AE478190-B09D-408E-94C5-E55DC02ADAE0}.Debug|Any CPU.Build.0 = Debug|Any CPU
		{AE478190-B09D-408E-94C5-E55DC02ADAE0}.Debug|Any CPU.Deploy.0 = Debug|Any CPU
		{AE478190-B09D-408E-94C5-E55DC02ADAE0}.Release|Any CPU.ActiveCfg = Release|Any CPU
		{AE478190-B09D-408E-94C5-E55DC02ADAE0}.Release|Any CPU.Build.0 = Release|Any CPU
		{AE478190-B09D-408E-94C5-E55DC02ADAE0}.Release|Any CPU.Deploy.0 = Release|Any CPU
	EndGlobalSection
	GlobalSection(SolutionProperties) = preSolution
		HideSolutionNode = FALSE
	EndGlobalSection
EndGlobal
