
Microsoft Visual Studio Solution File, Format Version 12.00
# Visual Studio Version 17
VisualStudioVersion = 17.12.35527.113 d17.12
MinimumVisualStudioVersion = 10.0.40219.1
Project("{00D1A9C2-B5F0-4AF3-8072-F6C62B433612}") = "ABZVehicleDBProject", "ABZVehicleDBProject\ABZVehicleDBProject.sqlproj", "{AE478190-B09D-408E-94C5-E55DC02ADAE0}"
EndProject
Project("{00D1A9C2-B5F0-4AF3-8072-F6C62B433612}") = "ABZProposalDBProject", "ABZProposalDBProject\ABZProposalDBProject.sqlproj", "{FD1BB71E-0545-4480-B344-4A77F80A8FA9}"
EndProject
Project("{00D1A9C2-B5F0-4AF3-8072-F6C62B433612}") = "ABZPolicyDBProject", "ABZPolicyDBProject\ABZPolicyDBProject.sqlproj", "{AF373E13-94FB-48F9-AB9A-E4381304AD73}"
EndProject
Project("{00D1A9C2-B5F0-4AF3-8072-F6C62B433612}") = "ABZClaimDBProject", "ABZClaimDBProject\ABZClaimDBProject.sqlproj", "{616380EE-6867-43AE-8C58-F49596E38E5D}"
EndProject
Project("{00D1A9C2-B5F0-4AF3-8072-F6C62B433612}") = "ABZCustomerDBProject", "ABZCustomerDBProject\ABZCustomerDBProject.sqlproj", "{C5B965B6-F834-44B0-AD2F-9237607C0B3F}"
EndProject
Project("{00D1A9C2-B5F0-4AF3-8072-F6C62B433612}") = "ABZAgentDBProject", "ABZAgentDBProject\ABZAgentDBProject.sqlproj", "{5CF492A6-FA83-41FC-BFCC-40990F503067}"
EndProject
Global
	GlobalSection(SolutionConfigurationPlatforms) = preSolution
		Debug|Any CPU = Debug|Any CPU
		Release|Any CPU = Release|Any CPU
	EndGlobalSection
	GlobalSection(ProjectConfigurationPlatforms) = postSolution
		{AE478190-B09D-408E-94C5-E55DC02ADAE0}.Debug|Any CPU.ActiveCfg = Debug|Any CPU
		{AE478190-B09D-408E-94C5-E55DC02ADAE0}.Debug|Any CPU.Build.0 = Debug|Any CPU
		{AE478190-B09D-408E-94C5-E55DC02ADAE0}.Debug|Any CPU.Deploy.0 = Debug|Any CPU
		{AE478190-B09D-408E-94C5-E55DC02ADAE0}.Release|Any CPU.ActiveCfg = Release|Any CPU
		{AE478190-B09D-408E-94C5-E55DC02ADAE0}.Release|Any CPU.Build.0 = Release|Any CPU
		{AE478190-B09D-408E-94C5-E55DC02ADAE0}.Release|Any CPU.Deploy.0 = Release|Any CPU
		{FD1BB71E-0545-4480-B344-4A77F80A8FA9}.Debug|Any CPU.ActiveCfg = Debug|Any CPU
		{FD1BB71E-0545-4480-B344-4A77F80A8FA9}.Debug|Any CPU.Build.0 = Debug|Any CPU
		{FD1BB71E-0545-4480-B344-4A77F80A8FA9}.Debug|Any CPU.Deploy.0 = Debug|Any CPU
		{FD1BB71E-0545-4480-B344-4A77F80A8FA9}.Release|Any CPU.ActiveCfg = Release|Any CPU
		{FD1BB71E-0545-4480-B344-4A77F80A8FA9}.Release|Any CPU.Build.0 = Release|Any CPU
		{FD1BB71E-0545-4480-B344-4A77F80A8FA9}.Release|Any CPU.Deploy.0 = Release|Any CPU
		{AF373E13-94FB-48F9-AB9A-E4381304AD73}.Debug|Any CPU.ActiveCfg = Debug|Any CPU
		{AF373E13-94FB-48F9-AB9A-E4381304AD73}.Debug|Any CPU.Build.0 = Debug|Any CPU
		{AF373E13-94FB-48F9-AB9A-E4381304AD73}.Debug|Any CPU.Deploy.0 = Debug|Any CPU
		{AF373E13-94FB-48F9-AB9A-E4381304AD73}.Release|Any CPU.ActiveCfg = Release|Any CPU
		{AF373E13-94FB-48F9-AB9A-E4381304AD73}.Release|Any CPU.Build.0 = Release|Any CPU
		{AF373E13-94FB-48F9-AB9A-E4381304AD73}.Release|Any CPU.Deploy.0 = Release|Any CPU
		{616380EE-6867-43AE-8C58-F49596E38E5D}.Debug|Any CPU.ActiveCfg = Debug|Any CPU
		{616380EE-6867-43AE-8C58-F49596E38E5D}.Debug|Any CPU.Build.0 = Debug|Any CPU
		{616380EE-6867-43AE-8C58-F49596E38E5D}.Debug|Any CPU.Deploy.0 = Debug|Any CPU
		{616380EE-6867-43AE-8C58-F49596E38E5D}.Release|Any CPU.ActiveCfg = Release|Any CPU
		{616380EE-6867-43AE-8C58-F49596E38E5D}.Release|Any CPU.Build.0 = Release|Any CPU
		{616380EE-6867-43AE-8C58-F49596E38E5D}.Release|Any CPU.Deploy.0 = Release|Any CPU
		{C5B965B6-F834-44B0-AD2F-9237607C0B3F}.Debug|Any CPU.ActiveCfg = Debug|Any CPU
		{C5B965B6-F834-44B0-AD2F-9237607C0B3F}.Debug|Any CPU.Build.0 = Debug|Any CPU
		{C5B965B6-F834-44B0-AD2F-9237607C0B3F}.Debug|Any CPU.Deploy.0 = Debug|Any CPU
		{C5B965B6-F834-44B0-AD2F-9237607C0B3F}.Release|Any CPU.ActiveCfg = Release|Any CPU
		{C5B965B6-F834-44B0-AD2F-9237607C0B3F}.Release|Any CPU.Build.0 = Release|Any CPU
		{C5B965B6-F834-44B0-AD2F-9237607C0B3F}.Release|Any CPU.Deploy.0 = Release|Any CPU
		{5CF492A6-FA83-41FC-BFCC-40990F503067}.Debug|Any CPU.ActiveCfg = Debug|Any CPU
		{5CF492A6-FA83-41FC-BFCC-40990F503067}.Debug|Any CPU.Build.0 = Debug|Any CPU
		{5CF492A6-FA83-41FC-BFCC-40990F503067}.Debug|Any CPU.Deploy.0 = Debug|Any CPU
		{5CF492A6-FA83-41FC-BFCC-40990F503067}.Release|Any CPU.ActiveCfg = Release|Any CPU
		{5CF492A6-FA83-41FC-BFCC-40990F503067}.Release|Any CPU.Build.0 = Release|Any CPU
		{5CF492A6-FA83-41FC-BFCC-40990F503067}.Release|Any CPU.Deploy.0 = Release|Any CPU
	EndGlobalSection
	GlobalSection(SolutionProperties) = preSolution
		HideSolutionNode = FALSE
	EndGlobalSection
EndGlobal
