
Microsoft Visual Studio Solution File, Format Version 12.00
# Visual Studio Version 17
VisualStudioVersion = 17.12.35527.113
MinimumVisualStudioVersion = 10.0.40219.1
Project("{00D1A9C2-B5F0-4AF3-8072-F6C62B433612}") = "ABZVehicleDBProject", "ABZVehicleDBProject\ABZVehicleDBProject.sqlproj", "{AE478190-B09D-408E-94C5-E55DC02ADAE0}"
EndProject
Project("{00D1A9C2-B5F0-4AF3-8072-F6C62B433612}") = "ABZProposalDBProject", "ABZProposalDBProject\ABZProposalDBProject.sqlproj", "{FD1BB71E-0545-4480-B344-4A77F80A8FA9}"
EndProject
Project("{00D1A9C2-B5F0-4AF3-8072-F6C62B433612}") = "ABZPolicyDBProject", "ABZPolicyDBProject\ABZPolicyDBProject.sqlproj", "{AF373E13-94FB-48F9-AB9A-E4381304AD73}"
EndProject
Project("{00D1A9C2-B5F0-4AF3-8072-F6C62B433612}") = "ABZClaimDBProject", "ABZClaimDBProject\ABZClaimDBProject.sqlproj", "{616380EE-6867-43AE-8C58-F49596E38E5D}"
EndProject
Project("{00D1A9C2-B5F0-4AF3-8072-F6C62B433612}") = "ABZCustomerDBProject", "ABZCustomerDBProject\ABZCustomerDBProject.sqlproj", "{C5B965B6-F834-44B0-AD2F-9237607C0B3F}"
EndProject
Project("{00D1A9C2-B5F0-4AF3-8072-F6C62B433612}") = "ABZAgentDBProject", "ABZAgentDBProject\ABZAgentDBProject.sqlproj", "{5CF492A6-FA83-41FC-BFCC-40990F503067}"
EndProject
Project("{00D1A9C2-B5F0-4AF3-8072-F6C62B433612}") = "ABZProductDBProject", "ABZProductDBProject\ABZProductDBProject.sqlproj", "{81A85430-5844-4C9C-BE01-BEE5745FC0B4}"
EndProject
Project("{FAE04EC0-301F-11D3-BF4B-00C04F79EFBC}") = "ABZAgentLibrary", "ABZAgentLibrary\ABZAgentLibrary.csproj", "{24FDAFEB-D318-42C5-8DDD-C6160DFC762F}"
EndProject
Project("{FAE04EC0-301F-11D3-BF4B-00C04F79EFBC}") = "ABZCustomerLibrary", "ABZCustomerLibrary\ABZCustomerLibrary.csproj", "{5C2D56B0-5FFC-4E76-B75B-74FA4842BFDC}"
EndProject
Project("{FAE04EC0-301F-11D3-BF4B-00C04F79EFBC}") = "ABZClaimLibrary", "ABZClaimsLibrary\ABZClaimLibrary.csproj", "{BCE6E85E-A446-4A20-AE0C-EED578CCEEA9}"
EndProject
Project("{FAE04EC0-301F-11D3-BF4B-00C04F79EFBC}") = "ABZPolicyLibrary", "ABZPolicyLibrary\ABZPolicyLibrary.csproj", "{82FEAF18-ED2C-4332-8311-7AC1BDF53844}"
EndProject
Project("{FAE04EC0-301F-11D3-BF4B-00C04F79EFBC}") = "ABZProductLibrary", "ABZProductLibrary\ABZProductLibrary.csproj", "{BE702FB6-218A-45B2-835B-C7E91565E377}"
EndProject
Project("{FAE04EC0-301F-11D3-BF4B-00C04F79EFBC}") = "ABZProposalLibrary", "ABZProposalLibrary\ABZProposalLibrary.csproj", "{75226659-120B-4C43-A879-EFC6BAAC31D7}"
EndProject
Project("{FAE04EC0-301F-11D3-BF4B-00C04F79EFBC}") = "ABZVehicleLibrary", "ABZVehicleLibrary\ABZVehicleLibrary.csproj", "{366376D6-1D13-4C70-9424-F83775F16973}"
EndProject
Project("{FAE04EC0-301F-11D3-BF4B-00C04F79EFBC}") = "ABZAgentWebApi", "ABZAgentWebApi\ABZAgentWebApi.csproj", "{E38CE6CF-BF52-4F1B-8283-5E4491B37B8C}"
EndProject
Project("{FAE04EC0-301F-11D3-BF4B-00C04F79EFBC}") = "ABZCustomerWebApi", "ABZCustomerWebApi\ABZCustomerWebApi.csproj", "{763B9E18-31FD-4B1A-8143-8ED8E0DD49CA}"
EndProject
Project("{FAE04EC0-301F-11D3-BF4B-00C04F79EFBC}") = "ABZPolicyWebApi", "ABZPolicyWebApi\ABZPolicyWebApi.csproj", "{131F1E83-6FA8-4A1E-A8FE-BA0E57F25EC4}"
EndProject
Project("{FAE04EC0-301F-11D3-BF4B-00C04F79EFBC}") = "ABZClaimWebApi", "ABZClaimWebApi\ABZClaimWebApi.csproj", "{154EF6FB-605E-4CFF-8FAA-DC13915223AB}"
EndProject
Project("{FAE04EC0-301F-11D3-BF4B-00C04F79EFBC}") = "ABZProductWebApi", "ABZProductWebApi\ABZProductWebApi.csproj", "{65668D4E-CB15-4130-8780-573E1A70815D}"
EndProject
Project("{FAE04EC0-301F-11D3-BF4B-00C04F79EFBC}") = "ABZProposalWebApi", "ABZProposalWebApi\ABZProposalWebApi.csproj", "{CD8024BC-E096-47AB-89E3-CD61472C9684}"
EndProject
Project("{FAE04EC0-301F-11D3-BF4B-00C04F79EFBC}") = "ABZVehicleWebApi", "ABZVehicleWebApi\ABZVehicleWebApi.csproj", "{E7092FB8-3040-4C36-AAA9-83801F941C3E}"
EndProject
Global
	GlobalSection(SolutionConfigurationPlatforms) = preSolution
		Debug|Any CPU = Debug|Any CPU
		Release|Any CPU = Release|Any CPU
	EndGlobalSection
	GlobalSection(ProjectConfigurationPlatforms) = postSolution
		{AE478190-B09D-408E-94C5-E55DC02ADAE0}.Debug|Any CPU.ActiveCfg = Debug|Any CPU
		{AE478190-B09D-408E-94C5-E55DC02ADAE0}.Debug|Any CPU.Build.0 = Debug|Any CPU
		{AE478190-B09D-408E-94C5-E55DC02ADAE0}.Debug|Any CPU.Deploy.0 = Debug|Any CPU
		{AE478190-B09D-408E-94C5-E55DC02ADAE0}.Release|Any CPU.ActiveCfg = Release|Any CPU
		{AE478190-B09D-408E-94C5-E55DC02ADAE0}.Release|Any CPU.Build.0 = Release|Any CPU
		{AE478190-B09D-408E-94C5-E55DC02ADAE0}.Release|Any CPU.Deploy.0 = Release|Any CPU
		{FD1BB71E-0545-4480-B344-4A77F80A8FA9}.Debug|Any CPU.ActiveCfg = Debug|Any CPU
		{FD1BB71E-0545-4480-B344-4A77F80A8FA9}.Debug|Any CPU.Build.0 = Debug|Any CPU
		{FD1BB71E-0545-4480-B344-4A77F80A8FA9}.Debug|Any CPU.Deploy.0 = Debug|Any CPU
		{FD1BB71E-0545-4480-B344-4A77F80A8FA9}.Release|Any CPU.ActiveCfg = Release|Any CPU
		{FD1BB71E-0545-4480-B344-4A77F80A8FA9}.Release|Any CPU.Build.0 = Release|Any CPU
		{FD1BB71E-0545-4480-B344-4A77F80A8FA9}.Release|Any CPU.Deploy.0 = Release|Any CPU
		{AF373E13-94FB-48F9-AB9A-E4381304AD73}.Debug|Any CPU.ActiveCfg = Debug|Any CPU
		{AF373E13-94FB-48F9-AB9A-E4381304AD73}.Debug|Any CPU.Build.0 = Debug|Any CPU
		{AF373E13-94FB-48F9-AB9A-E4381304AD73}.Debug|Any CPU.Deploy.0 = Debug|Any CPU
		{AF373E13-94FB-48F9-AB9A-E4381304AD73}.Release|Any CPU.ActiveCfg = Release|Any CPU
		{AF373E13-94FB-48F9-AB9A-E4381304AD73}.Release|Any CPU.Build.0 = Release|Any CPU
		{AF373E13-94FB-48F9-AB9A-E4381304AD73}.Release|Any CPU.Deploy.0 = Release|Any CPU
		{616380EE-6867-43AE-8C58-F49596E38E5D}.Debug|Any CPU.ActiveCfg = Debug|Any CPU
		{616380EE-6867-43AE-8C58-F49596E38E5D}.Debug|Any CPU.Build.0 = Debug|Any CPU
		{616380EE-6867-43AE-8C58-F49596E38E5D}.Debug|Any CPU.Deploy.0 = Debug|Any CPU
		{616380EE-6867-43AE-8C58-F49596E38E5D}.Release|Any CPU.ActiveCfg = Release|Any CPU
		{616380EE-6867-43AE-8C58-F49596E38E5D}.Release|Any CPU.Build.0 = Release|Any CPU
		{616380EE-6867-43AE-8C58-F49596E38E5D}.Release|Any CPU.Deploy.0 = Release|Any CPU
		{C5B965B6-F834-44B0-AD2F-9237607C0B3F}.Debug|Any CPU.ActiveCfg = Debug|Any CPU
		{C5B965B6-F834-44B0-AD2F-9237607C0B3F}.Debug|Any CPU.Build.0 = Debug|Any CPU
		{C5B965B6-F834-44B0-AD2F-9237607C0B3F}.Debug|Any CPU.Deploy.0 = Debug|Any CPU
		{C5B965B6-F834-44B0-AD2F-9237607C0B3F}.Release|Any CPU.ActiveCfg = Release|Any CPU
		{C5B965B6-F834-44B0-AD2F-9237607C0B3F}.Release|Any CPU.Build.0 = Release|Any CPU
		{C5B965B6-F834-44B0-AD2F-9237607C0B3F}.Release|Any CPU.Deploy.0 = Release|Any CPU
		{5CF492A6-FA83-41FC-BFCC-40990F503067}.Debug|Any CPU.ActiveCfg = Debug|Any CPU
		{5CF492A6-FA83-41FC-BFCC-40990F503067}.Debug|Any CPU.Build.0 = Debug|Any CPU
		{5CF492A6-FA83-41FC-BFCC-40990F503067}.Debug|Any CPU.Deploy.0 = Debug|Any CPU
		{5CF492A6-FA83-41FC-BFCC-40990F503067}.Release|Any CPU.ActiveCfg = Release|Any CPU
		{5CF492A6-FA83-41FC-BFCC-40990F503067}.Release|Any CPU.Build.0 = Release|Any CPU
		{5CF492A6-FA83-41FC-BFCC-40990F503067}.Release|Any CPU.Deploy.0 = Release|Any CPU
		{81A85430-5844-4C9C-BE01-BEE5745FC0B4}.Debug|Any CPU.ActiveCfg = Debug|Any CPU
		{81A85430-5844-4C9C-BE01-BEE5745FC0B4}.Debug|Any CPU.Build.0 = Debug|Any CPU
		{81A85430-5844-4C9C-BE01-BEE5745FC0B4}.Debug|Any CPU.Deploy.0 = Debug|Any CPU
		{81A85430-5844-4C9C-BE01-BEE5745FC0B4}.Release|Any CPU.ActiveCfg = Release|Any CPU
		{81A85430-5844-4C9C-BE01-BEE5745FC0B4}.Release|Any CPU.Build.0 = Release|Any CPU
		{81A85430-5844-4C9C-BE01-BEE5745FC0B4}.Release|Any CPU.Deploy.0 = Release|Any CPU
		{24FDAFEB-D318-42C5-8DDD-C6160DFC762F}.Debug|Any CPU.ActiveCfg = Debug|Any CPU
		{24FDAFEB-D318-42C5-8DDD-C6160DFC762F}.Debug|Any CPU.Build.0 = Debug|Any CPU
		{24FDAFEB-D318-42C5-8DDD-C6160DFC762F}.Release|Any CPU.ActiveCfg = Release|Any CPU
		{24FDAFEB-D318-42C5-8DDD-C6160DFC762F}.Release|Any CPU.Build.0 = Release|Any CPU
		{5C2D56B0-5FFC-4E76-B75B-74FA4842BFDC}.Debug|Any CPU.ActiveCfg = Debug|Any CPU
		{5C2D56B0-5FFC-4E76-B75B-74FA4842BFDC}.Debug|Any CPU.Build.0 = Debug|Any CPU
		{5C2D56B0-5FFC-4E76-B75B-74FA4842BFDC}.Release|Any CPU.ActiveCfg = Release|Any CPU
		{5C2D56B0-5FFC-4E76-B75B-74FA4842BFDC}.Release|Any CPU.Build.0 = Release|Any CPU
		{BCE6E85E-A446-4A20-AE0C-EED578CCEEA9}.Debug|Any CPU.ActiveCfg = Debug|Any CPU
		{BCE6E85E-A446-4A20-AE0C-EED578CCEEA9}.Debug|Any CPU.Build.0 = Debug|Any CPU
		{BCE6E85E-A446-4A20-AE0C-EED578CCEEA9}.Release|Any CPU.ActiveCfg = Release|Any CPU
		{BCE6E85E-A446-4A20-AE0C-EED578CCEEA9}.Release|Any CPU.Build.0 = Release|Any CPU
		{82FEAF18-ED2C-4332-8311-7AC1BDF53844}.Debug|Any CPU.ActiveCfg = Debug|Any CPU
		{82FEAF18-ED2C-4332-8311-7AC1BDF53844}.Debug|Any CPU.Build.0 = Debug|Any CPU
		{82FEAF18-ED2C-4332-8311-7AC1BDF53844}.Release|Any CPU.ActiveCfg = Release|Any CPU
		{82FEAF18-ED2C-4332-8311-7AC1BDF53844}.Release|Any CPU.Build.0 = Release|Any CPU
		{BE702FB6-218A-45B2-835B-C7E91565E377}.Debug|Any CPU.ActiveCfg = Debug|Any CPU
		{BE702FB6-218A-45B2-835B-C7E91565E377}.Debug|Any CPU.Build.0 = Debug|Any CPU
		{BE702FB6-218A-45B2-835B-C7E91565E377}.Release|Any CPU.ActiveCfg = Release|Any CPU
		{BE702FB6-218A-45B2-835B-C7E91565E377}.Release|Any CPU.Build.0 = Release|Any CPU
		{75226659-120B-4C43-A879-EFC6BAAC31D7}.Debug|Any CPU.ActiveCfg = Debug|Any CPU
		{75226659-120B-4C43-A879-EFC6BAAC31D7}.Debug|Any CPU.Build.0 = Debug|Any CPU
		{75226659-120B-4C43-A879-EFC6BAAC31D7}.Release|Any CPU.ActiveCfg = Release|Any CPU
		{75226659-120B-4C43-A879-EFC6BAAC31D7}.Release|Any CPU.Build.0 = Release|Any CPU
		{366376D6-1D13-4C70-9424-F83775F16973}.Debug|Any CPU.ActiveCfg = Debug|Any CPU
		{366376D6-1D13-4C70-9424-F83775F16973}.Debug|Any CPU.Build.0 = Debug|Any CPU
		{366376D6-1D13-4C70-9424-F83775F16973}.Release|Any CPU.ActiveCfg = Release|Any CPU
		{366376D6-1D13-4C70-9424-F83775F16973}.Release|Any CPU.Build.0 = Release|Any CPU
		{E38CE6CF-BF52-4F1B-8283-5E4491B37B8C}.Debug|Any CPU.ActiveCfg = Debug|Any CPU
		{E38CE6CF-BF52-4F1B-8283-5E4491B37B8C}.Debug|Any CPU.Build.0 = Debug|Any CPU
		{E38CE6CF-BF52-4F1B-8283-5E4491B37B8C}.Release|Any CPU.ActiveCfg = Release|Any CPU
		{E38CE6CF-BF52-4F1B-8283-5E4491B37B8C}.Release|Any CPU.Build.0 = Release|Any CPU
		{763B9E18-31FD-4B1A-8143-8ED8E0DD49CA}.Debug|Any CPU.ActiveCfg = Debug|Any CPU
		{763B9E18-31FD-4B1A-8143-8ED8E0DD49CA}.Debug|Any CPU.Build.0 = Debug|Any CPU
		{763B9E18-31FD-4B1A-8143-8ED8E0DD49CA}.Release|Any CPU.ActiveCfg = Release|Any CPU
		{763B9E18-31FD-4B1A-8143-8ED8E0DD49CA}.Release|Any CPU.Build.0 = Release|Any CPU
		{131F1E83-6FA8-4A1E-A8FE-BA0E57F25EC4}.Debug|Any CPU.ActiveCfg = Debug|Any CPU
		{131F1E83-6FA8-4A1E-A8FE-BA0E57F25EC4}.Debug|Any CPU.Build.0 = Debug|Any CPU
		{131F1E83-6FA8-4A1E-A8FE-BA0E57F25EC4}.Release|Any CPU.ActiveCfg = Release|Any CPU
		{131F1E83-6FA8-4A1E-A8FE-BA0E57F25EC4}.Release|Any CPU.Build.0 = Release|Any CPU
		{154EF6FB-605E-4CFF-8FAA-DC13915223AB}.Debug|Any CPU.ActiveCfg = Debug|Any CPU
		{154EF6FB-605E-4CFF-8FAA-DC13915223AB}.Debug|Any CPU.Build.0 = Debug|Any CPU
		{154EF6FB-605E-4CFF-8FAA-DC13915223AB}.Release|Any CPU.ActiveCfg = Release|Any CPU
		{154EF6FB-605E-4CFF-8FAA-DC13915223AB}.Release|Any CPU.Build.0 = Release|Any CPU
		{65668D4E-CB15-4130-8780-573E1A70815D}.Debug|Any CPU.ActiveCfg = Debug|Any CPU
		{65668D4E-CB15-4130-8780-573E1A70815D}.Debug|Any CPU.Build.0 = Debug|Any CPU
		{65668D4E-CB15-4130-8780-573E1A70815D}.Release|Any CPU.ActiveCfg = Release|Any CPU
		{65668D4E-CB15-4130-8780-573E1A70815D}.Release|Any CPU.Build.0 = Release|Any CPU
		{CD8024BC-E096-47AB-89E3-CD61472C9684}.Debug|Any CPU.ActiveCfg = Debug|Any CPU
		{CD8024BC-E096-47AB-89E3-CD61472C9684}.Debug|Any CPU.Build.0 = Debug|Any CPU
		{CD8024BC-E096-47AB-89E3-CD61472C9684}.Release|Any CPU.ActiveCfg = Release|Any CPU
		{CD8024BC-E096-47AB-89E3-CD61472C9684}.Release|Any CPU.Build.0 = Release|Any CPU
		{E7092FB8-3040-4C36-AAA9-83801F941C3E}.Debug|Any CPU.ActiveCfg = Debug|Any CPU
		{E7092FB8-3040-4C36-AAA9-83801F941C3E}.Debug|Any CPU.Build.0 = Debug|Any CPU
		{E7092FB8-3040-4C36-AAA9-83801F941C3E}.Release|Any CPU.ActiveCfg = Release|Any CPU
		{E7092FB8-3040-4C36-AAA9-83801F941C3E}.Release|Any CPU.Build.0 = Release|Any CPU
	EndGlobalSection
	GlobalSection(SolutionProperties) = preSolution
		HideSolutionNode = FALSE
	EndGlobalSection
EndGlobal
